
Microsoft Visual Studio Solution File, Format Version 12.00
# Visual Studio Version 17
VisualStudioVersion = 17.8.34525.116
MinimumVisualStudioVersion = 10.0.40219.1
Project("{9A19103F-16F7-4668-BE54-9A1E7A4F7556}") = "Monolith", "Monolith\Monolith.csproj", "{B2BF2266-5FD1-421A-A977-469DC475502D}"
EndProject
Project("{E53339B2-1760-4266-BCC7-CA923CBCF16C}") = "docker-compose", "docker-compose.dcproj", "{8F98FAF3-0E9E-456F-9904-625A5D10079F}"
EndProject
Project("{9A19103F-16F7-4668-BE54-9A1E7A4F7556}") = "Domain", "Domain\Domain.csproj", "{8A7D5C1B-FEC3-40DA-B6A5-0DD5FC858E9A}"
EndProject
Project("{9A19103F-16F7-4668-BE54-9A1E7A4F7556}") = "Infrastructure", "Infrastructure\Infrastructure.csproj", "{B24B57CC-62A2-4B6A-AC77-3ABA1CDCB512}"
EndProject
Project("{9A19103F-16F7-4668-BE54-9A1E7A4F7556}") = "Application", "Application\Application.csproj", "{A1AAAEE2-2068-4495-B767-904D8253BCC5}"
EndProject
Project("{2150E333-8FDC-42A3-9474-1A3956D46DE8}") = "Core", "Core", "{6F846C6E-EB07-433C-9A65-A08C62FFA3DC}"
EndProject
Project("{FAE04EC0-301F-11D3-BF4B-00C04F79EFBC}") = "Cross-CuttingConcern", "..\Cross-CuttingConcern\Cross-CuttingConcern.csproj", "{2F290B42-D119-44A7-B1C5-8F1EE9592831}"
EndProject
Global
	GlobalSection(SolutionConfigurationPlatforms) = preSolution
		Debug|Any CPU = Debug|Any CPU
		Release|Any CPU = Release|Any CPU
	EndGlobalSection
	GlobalSection(ProjectConfigurationPlatforms) = postSolution
		{B2BF2266-5FD1-421A-A977-469DC475502D}.Debug|Any CPU.ActiveCfg = Debug|Any CPU
		{B2BF2266-5FD1-421A-A977-469DC475502D}.Debug|Any CPU.Build.0 = Debug|Any CPU
		{B2BF2266-5FD1-421A-A977-469DC475502D}.Release|Any CPU.ActiveCfg = Release|Any CPU
		{B2BF2266-5FD1-421A-A977-469DC475502D}.Release|Any CPU.Build.0 = Release|Any CPU
		{8F98FAF3-0E9E-456F-9904-625A5D10079F}.Debug|Any CPU.ActiveCfg = Debug|Any CPU
		{8F98FAF3-0E9E-456F-9904-625A5D10079F}.Debug|Any CPU.Build.0 = Debug|Any CPU
		{8F98FAF3-0E9E-456F-9904-625A5D10079F}.Release|Any CPU.ActiveCfg = Release|Any CPU
		{8F98FAF3-0E9E-456F-9904-625A5D10079F}.Release|Any CPU.Build.0 = Release|Any CPU
		{8A7D5C1B-FEC3-40DA-B6A5-0DD5FC858E9A}.Debug|Any CPU.ActiveCfg = Debug|Any CPU
		{8A7D5C1B-FEC3-40DA-B6A5-0DD5FC858E9A}.Debug|Any CPU.Build.0 = Debug|Any CPU
		{8A7D5C1B-FEC3-40DA-B6A5-0DD5FC858E9A}.Release|Any CPU.ActiveCfg = Release|Any CPU
		{8A7D5C1B-FEC3-40DA-B6A5-0DD5FC858E9A}.Release|Any CPU.Build.0 = Release|Any CPU
		{B24B57CC-62A2-4B6A-AC77-3ABA1CDCB512}.Debug|Any CPU.ActiveCfg = Debug|Any CPU
		{B24B57CC-62A2-4B6A-AC77-3ABA1CDCB512}.Debug|Any CPU.Build.0 = Debug|Any CPU
		{B24B57CC-62A2-4B6A-AC77-3ABA1CDCB512}.Release|Any CPU.ActiveCfg = Release|Any CPU
		{B24B57CC-62A2-4B6A-AC77-3ABA1CDCB512}.Release|Any CPU.Build.0 = Release|Any CPU
		{A1AAAEE2-2068-4495-B767-904D8253BCC5}.Debug|Any CPU.ActiveCfg = Debug|Any CPU
		{A1AAAEE2-2068-4495-B767-904D8253BCC5}.Debug|Any CPU.Build.0 = Debug|Any CPU
		{A1AAAEE2-2068-4495-B767-904D8253BCC5}.Release|Any CPU.ActiveCfg = Release|Any CPU
		{A1AAAEE2-2068-4495-B767-904D8253BCC5}.Release|Any CPU.Build.0 = Release|Any CPU
		{2F290B42-D119-44A7-B1C5-8F1EE9592831}.Debug|Any CPU.ActiveCfg = Debug|Any CPU
		{2F290B42-D119-44A7-B1C5-8F1EE9592831}.Debug|Any CPU.Build.0 = Debug|Any CPU
		{2F290B42-D119-44A7-B1C5-8F1EE9592831}.Release|Any CPU.ActiveCfg = Release|Any CPU
		{2F290B42-D119-44A7-B1C5-8F1EE9592831}.Release|Any CPU.Build.0 = Release|Any CPU
	EndGlobalSection
	GlobalSection(SolutionProperties) = preSolution
		HideSolutionNode = FALSE
	EndGlobalSection
	GlobalSection(NestedProjects) = preSolution
		{8A7D5C1B-FEC3-40DA-B6A5-0DD5FC858E9A} = {6F846C6E-EB07-433C-9A65-A08C62FFA3DC}
		{B24B57CC-62A2-4B6A-AC77-3ABA1CDCB512} = {6F846C6E-EB07-433C-9A65-A08C62FFA3DC}
		{A1AAAEE2-2068-4495-B767-904D8253BCC5} = {6F846C6E-EB07-433C-9A65-A08C62FFA3DC}
	EndGlobalSection
	GlobalSection(ExtensibilityGlobals) = postSolution
		SolutionGuid = {2225D799-CF68-41CE-9711-D23890DC9F96}
	EndGlobalSection
EndGlobal
